
Microsoft Visual Studio Solution File, Format Version 12.00
# Visual Studio Version 16
VisualStudioVersion = 16.0.30406.217
MinimumVisualStudioVersion = 10.0.40219.1
Project("{FAE04EC0-301F-11D3-BF4B-00C04F79EFBC}") = "ECADEconAPI", "ECADEconAPI\ECADEconAPI.csproj", "{7D445359-9BF8-4B8C-8C9F-76EBA7275C52}"
EndProject
Global
	GlobalSection(SolutionConfigurationPlatforms) = preSolution
		Debug|Any CPU = Debug|Any CPU
		Release|Any CPU = Release|Any CPU
	EndGlobalSection
	GlobalSection(ProjectConfigurationPlatforms) = postSolution
		{7D445359-9BF8-4B8C-8C9F-76EBA7275C52}.Debug|Any CPU.ActiveCfg = Debug|Any CPU
		{7D445359-9BF8-4B8C-8C9F-76EBA7275C52}.Debug|Any CPU.Build.0 = Debug|Any CPU
		{7D445359-9BF8-4B8C-8C9F-76EBA7275C52}.Release|Any CPU.ActiveCfg = Release|Any CPU
		{7D445359-9BF8-4B8C-8C9F-76EBA7275C52}.Release|Any CPU.Build.0 = Release|Any CPU
	EndGlobalSection
	GlobalSection(SolutionProperties) = preSolution
		HideSolutionNode = FALSE
	EndGlobalSection
	GlobalSection(ExtensibilityGlobals) = postSolution
		SolutionGuid = {A0FF31D0-696A-4213-BA1B-8B18E1035783}
	EndGlobalSection
EndGlobal
